
Microsoft Visual Studio Solution File, Format Version 12.00
# Visual Studio Version 16
VisualStudioVersion = 16.0.29926.136
MinimumVisualStudioVersion = 10.0.40219.1
Project("{FAE04EC0-301F-11D3-BF4B-00C04F79EFBC}") = "LabirintoBacktracking", "LabirintoBacktracking\LabirintoBacktracking.csproj", "{CD41589B-3D64-4FD4-A5E8-D74C8B8F481F}"
EndProject
Global
	GlobalSection(SolutionConfigurationPlatforms) = preSolution
		Debug|Any CPU = Debug|Any CPU
		Release|Any CPU = Release|Any CPU
	EndGlobalSection
	GlobalSection(ProjectConfigurationPlatforms) = postSolution
		{CD41589B-3D64-4FD4-A5E8-D74C8B8F481F}.Debug|Any CPU.ActiveCfg = Debug|Any CPU
		{CD41589B-3D64-4FD4-A5E8-D74C8B8F481F}.Debug|Any CPU.Build.0 = Debug|Any CPU
		{CD41589B-3D64-4FD4-A5E8-D74C8B8F481F}.Release|Any CPU.ActiveCfg = Release|Any CPU
		{CD41589B-3D64-4FD4-A5E8-D74C8B8F481F}.Release|Any CPU.Build.0 = Release|Any CPU
	EndGlobalSection
	GlobalSection(SolutionProperties) = preSolution
		HideSolutionNode = FALSE
	EndGlobalSection
	GlobalSection(ExtensibilityGlobals) = postSolution
		SolutionGuid = {7E5B0B1E-1A29-4A44-8254-5F9BBD8B2623}
	EndGlobalSection
EndGlobal
